// !$*UTF8*$!
{
	archiveVersion = 1;
	classes = {
	};
	objectVersion = 56;
	objects = {

/* Begin PBXBuildFile section */
		3EEA7FEA29E6903700394134 /* NewsAppApp.swift in Sources */ = {isa = PBXBuildFile; fileRef = 3EEA7FE929E6903700394134 /* NewsAppApp.swift */; };
		3EEA7FEC29E6903700394134 /* ContentView.swift in Sources */ = {isa = PBXBuildFile; fileRef = 3EEA7FEB29E6903700394134 /* ContentView.swift */; };
		3EEA7FEE29E6903800394134 /* Assets.xcassets in Resources */ = {isa = PBXBuildFile; fileRef = 3EEA7FED29E6903800394134 /* Assets.xcassets */; };
		3EEA7FF129E6903800394134 /* Preview Assets.xcassets in Resources */ = {isa = PBXBuildFile; fileRef = 3EEA7FF029E6903800394134 /* Preview Assets.xcassets */; };
		3EEA7FFF29E692D300394134 /* HomeView.swift in Sources */ = {isa = PBXBuildFile; fileRef = 3EEA7FFE29E692D300394134 /* HomeView.swift */; };
		3EEA800129E692DF00394134 /* HomeViewModel.swift in Sources */ = {isa = PBXBuildFile; fileRef = 3EEA800029E692DF00394134 /* HomeViewModel.swift */; };
		3EEA800329E6930000394134 /* NewsView.swift in Sources */ = {isa = PBXBuildFile; fileRef = 3EEA800229E6930000394134 /* NewsView.swift */; };
		3EEA800529E6930A00394134 /* NewsViewModel.swift in Sources */ = {isa = PBXBuildFile; fileRef = 3EEA800429E6930A00394134 /* NewsViewModel.swift */; };
		3EEA800729E6931800394134 /* StringConstants.swift in Sources */ = {isa = PBXBuildFile; fileRef = 3EEA800629E6931800394134 /* StringConstants.swift */; };
		3EEA800929E694A500394134 /* NewsModel.swift in Sources */ = {isa = PBXBuildFile; fileRef = 3EEA800829E694A500394134 /* NewsModel.swift */; };
		3EEA800B29E694AF00394134 /* ArticleModel.swift in Sources */ = {isa = PBXBuildFile; fileRef = 3EEA800A29E694AF00394134 /* ArticleModel.swift */; };
		3EEA800D29E694CF00394134 /* SourceModel.swift in Sources */ = {isa = PBXBuildFile; fileRef = 3EEA800C29E694CF00394134 /* SourceModel.swift */; };
		3EEA800F29E6AB2F00394134 /* NewsCell.swift in Sources */ = {isa = PBXBuildFile; fileRef = 3EEA800E29E6AB2F00394134 /* NewsCell.swift */; };
/* End PBXBuildFile section */

/* Begin PBXFileReference section */
		3EEA7FE629E6903700394134 /* NewsApp.app */ = {isa = PBXFileReference; explicitFileType = wrapper.application; includeInIndex = 0; path = NewsApp.app; sourceTree = BUILT_PRODUCTS_DIR; };
		3EEA7FE929E6903700394134 /* NewsAppApp.swift */ = {isa = PBXFileReference; lastKnownFileType = sourcecode.swift; path = NewsAppApp.swift; sourceTree = "<group>"; };
		3EEA7FEB29E6903700394134 /* ContentView.swift */ = {isa = PBXFileReference; lastKnownFileType = sourcecode.swift; path = ContentView.swift; sourceTree = "<group>"; };
		3EEA7FED29E6903800394134 /* Assets.xcassets */ = {isa = PBXFileReference; lastKnownFileType = folder.assetcatalog; path = Assets.xcassets; sourceTree = "<group>"; };
		3EEA7FF029E6903800394134 /* Preview Assets.xcassets */ = {isa = PBXFileReference; lastKnownFileType = folder.assetcatalog; path = "Preview Assets.xcassets"; sourceTree = "<group>"; };
		3EEA7FFE29E692D300394134 /* HomeView.swift */ = {isa = PBXFileReference; lastKnownFileType = sourcecode.swift; path = HomeView.swift; sourceTree = "<group>"; };
		3EEA800029E692DF00394134 /* HomeViewModel.swift */ = {isa = PBXFileReference; lastKnownFileType = sourcecode.swift; path = HomeViewModel.swift; sourceTree = "<group>"; };
		3EEA800229E6930000394134 /* NewsView.swift */ = {isa = PBXFileReference; lastKnownFileType = sourcecode.swift; path = NewsView.swift; sourceTree = "<group>"; };
		3EEA800429E6930A00394134 /* NewsViewModel.swift */ = {isa = PBXFileReference; lastKnownFileType = sourcecode.swift; path = NewsViewModel.swift; sourceTree = "<group>"; };
		3EEA800629E6931800394134 /* StringConstants.swift */ = {isa = PBXFileReference; lastKnownFileType = sourcecode.swift; path = StringConstants.swift; sourceTree = "<group>"; };
		3EEA800829E694A500394134 /* NewsModel.swift */ = {isa = PBXFileReference; lastKnownFileType = sourcecode.swift; path = NewsModel.swift; sourceTree = "<group>"; };
		3EEA800A29E694AF00394134 /* ArticleModel.swift */ = {isa = PBXFileReference; lastKnownFileType = sourcecode.swift; path = ArticleModel.swift; sourceTree = "<group>"; };
		3EEA800C29E694CF00394134 /* SourceModel.swift */ = {isa = PBXFileReference; lastKnownFileType = sourcecode.swift; path = SourceModel.swift; sourceTree = "<group>"; };
		3EEA800E29E6AB2F00394134 /* NewsCell.swift */ = {isa = PBXFileReference; lastKnownFileType = sourcecode.swift; path = NewsCell.swift; sourceTree = "<group>"; };
/* End PBXFileReference section */

/* Begin PBXFrameworksBuildPhase section */
		3EEA7FE329E6903700394134 /* Frameworks */ = {
			isa = PBXFrameworksBuildPhase;
			buildActionMask = 2147483647;
			files = (
			);
			runOnlyForDeploymentPostprocessing = 0;
		};
/* End PBXFrameworksBuildPhase section */

/* Begin PBXGroup section */
		3EEA7FDD29E6903700394134 = {
			isa = PBXGroup;
			children = (
				3EEA7FE829E6903700394134 /* NewsApp */,
				3EEA7FE729E6903700394134 /* Products */,
			);
			sourceTree = "<group>";
		};
		3EEA7FE729E6903700394134 /* Products */ = {
			isa = PBXGroup;
			children = (
				3EEA7FE629E6903700394134 /* NewsApp.app */,
			);
			name = Products;
			sourceTree = "<group>";
		};
		3EEA7FE829E6903700394134 /* NewsApp */ = {
			isa = PBXGroup;
			children = (
				3EEA7FFD29E691FA00394134 /* Helper */,
				3EEA7FFB29E691D600394134 /* Network */,
				3EEA7FF929E6915900394134 /* Views */,
				3EEA7FFA29E6919200394134 /* App */,
			);
			path = NewsApp;
			sourceTree = "<group>";
		};
		3EEA7FEF29E6903800394134 /* Preview Content */ = {
			isa = PBXGroup;
			children = (
				3EEA7FF029E6903800394134 /* Preview Assets.xcassets */,
			);
			path = "Preview Content";
			sourceTree = "<group>";
		};
		3EEA7FF729E6911F00394134 /* Home */ = {
			isa = PBXGroup;
			children = (
				3EEA801029E6AB3400394134 /* Views */,
				3EEA7FFE29E692D300394134 /* HomeView.swift */,
				3EEA800029E692DF00394134 /* HomeViewModel.swift */,
			);
			path = Home;
			sourceTree = "<group>";
		};
		3EEA7FF829E6912D00394134 /* News */ = {
			isa = PBXGroup;
			children = (
				3EEA800229E6930000394134 /* NewsView.swift */,
				3EEA800429E6930A00394134 /* NewsViewModel.swift */,
			);
			path = News;
			sourceTree = "<group>";
		};
		3EEA7FF929E6915900394134 /* Views */ = {
			isa = PBXGroup;
			children = (
				3EEA7FEB29E6903700394134 /* ContentView.swift */,
				3EEA7FF729E6911F00394134 /* Home */,
				3EEA7FF829E6912D00394134 /* News */,
			);
			path = Views;
			sourceTree = "<group>";
		};
		3EEA7FFA29E6919200394134 /* App */ = {
			isa = PBXGroup;
			children = (
				3EEA7FE929E6903700394134 /* NewsAppApp.swift */,
				3EEA7FEF29E6903800394134 /* Preview Content */,
				3EEA7FED29E6903800394134 /* Assets.xcassets */,
			);
			path = App;
			sourceTree = "<group>";
		};
		3EEA7FFB29E691D600394134 /* Network */ = {
			isa = PBXGroup;
			children = (
				3EEA7FFC29E691DD00394134 /* Model */,
			);
			path = Network;
			sourceTree = "<group>";
		};
		3EEA7FFC29E691DD00394134 /* Model */ = {
			isa = PBXGroup;
			children = (
				3EEA800829E694A500394134 /* NewsModel.swift */,
				3EEA800A29E694AF00394134 /* ArticleModel.swift */,
				3EEA800C29E694CF00394134 /* SourceModel.swift */,
			);
			path = Model;
			sourceTree = "<group>";
		};
		3EEA7FFD29E691FA00394134 /* Helper */ = {
			isa = PBXGroup;
			children = (
				3EEA800629E6931800394134 /* StringConstants.swift */,
			);
			path = Helper;
			sourceTree = "<group>";
		};
		3EEA801029E6AB3400394134 /* Views */ = {
			isa = PBXGroup;
			children = (
				3EEA800E29E6AB2F00394134 /* NewsCell.swift */,
			);
			path = Views;
			sourceTree = "<group>";
		};
/* End PBXGroup section */

/* Begin PBXNativeTarget section */
		3EEA7FE529E6903700394134 /* NewsApp */ = {
			isa = PBXNativeTarget;
			buildConfigurationList = 3EEA7FF429E6903800394134 /* Build configuration list for PBXNativeTarget "NewsApp" */;
			buildPhases = (
				3EEA7FE229E6903700394134 /* Sources */,
				3EEA7FE329E6903700394134 /* Frameworks */,
				3EEA7FE429E6903700394134 /* Resources */,
			);
			buildRules = (
			);
			dependencies = (
			);
			name = NewsApp;
			productName = NewsApp;
			productReference = 3EEA7FE629E6903700394134 /* NewsApp.app */;
			productType = "com.apple.product-type.application";
		};
/* End PBXNativeTarget section */

/* Begin PBXProject section */
		3EEA7FDE29E6903700394134 /* Project object */ = {
			isa = PBXProject;
			attributes = {
				BuildIndependentTargetsInParallel = 1;
				LastSwiftUpdateCheck = 1420;
				LastUpgradeCheck = 1420;
				TargetAttributes = {
					3EEA7FE529E6903700394134 = {
						CreatedOnToolsVersion = 14.2;
					};
				};
			};
			buildConfigurationList = 3EEA7FE129E6903700394134 /* Build configuration list for PBXProject "NewsApp" */;
			compatibilityVersion = "Xcode 14.0";
			developmentRegion = en;
			hasScannedForEncodings = 0;
			knownRegions = (
				en,
				Base,
			);
			mainGroup = 3EEA7FDD29E6903700394134;
			productRefGroup = 3EEA7FE729E6903700394134 /* Products */;
			projectDirPath = "";
			projectRoot = "";
			targets = (
				3EEA7FE529E6903700394134 /* NewsApp */,
			);
		};
/* End PBXProject section */

/* Begin PBXResourcesBuildPhase section */
		3EEA7FE429E6903700394134 /* Resources */ = {
			isa = PBXResourcesBuildPhase;
			buildActionMask = 2147483647;
			files = (
				3EEA7FF129E6903800394134 /* Preview Assets.xcassets in Resources */,
				3EEA7FEE29E6903800394134 /* Assets.xcassets in Resources */,
			);
			runOnlyForDeploymentPostprocessing = 0;
		};
/* End PBXResourcesBuildPhase section */

/* Begin PBXSourcesBuildPhase section */
		3EEA7FE229E6903700394134 /* Sources */ = {
			isa = PBXSourcesBuildPhase;
			buildActionMask = 2147483647;
			files = (
				3EEA800929E694A500394134 /* NewsModel.swift in Sources */,
				3EEA7FFF29E692D300394134 /* HomeView.swift in Sources */,
				3EEA800B29E694AF00394134 /* ArticleModel.swift in Sources */,
				3EEA800529E6930A00394134 /* NewsViewModel.swift in Sources */,
				3EEA800D29E694CF00394134 /* SourceModel.swift in Sources */,
				3EEA7FEC29E6903700394134 /* ContentView.swift in Sources */,
				3EEA800729E6931800394134 /* StringConstants.swift in Sources */,
				3EEA7FEA29E6903700394134 /* NewsAppApp.swift in Sources */,
				3EEA800329E6930000394134 /* NewsView.swift in Sources */,
				3EEA800129E692DF00394134 /* HomeViewModel.swift in Sources */,
				3EEA800F29E6AB2F00394134 /* NewsCell.swift in Sources */,
			);
			runOnlyForDeploymentPostprocessing = 0;
		};
/* End PBXSourcesBuildPhase section */

/* Begin XCBuildConfiguration section */
		3EEA7FF229E6903800394134 /* Debug */ = {
			isa = XCBuildConfiguration;
			buildSettings = {
				ALWAYS_SEARCH_USER_PATHS = NO;
				CLANG_ANALYZER_NONNULL = YES;
				CLANG_ANALYZER_NUMBER_OBJECT_CONVERSION = YES_AGGRESSIVE;
				CLANG_CXX_LANGUAGE_STANDARD = "gnu++20";
				CLANG_ENABLE_MODULES = YES;
				CLANG_ENABLE_OBJC_ARC = YES;
				CLANG_ENABLE_OBJC_WEAK = YES;
				CLANG_WARN_BLOCK_CAPTURE_AUTORELEASING = YES;
				CLANG_WARN_BOOL_CONVERSION = YES;
				CLANG_WARN_COMMA = YES;
				CLANG_WARN_CONSTANT_CONVERSION = YES;
				CLANG_WARN_DEPRECATED_OBJC_IMPLEMENTATIONS = YES;
				CLANG_WARN_DIRECT_OBJC_ISA_USAGE = YES_ERROR;
				CLANG_WARN_DOCUMENTATION_COMMENTS = YES;
				CLANG_WARN_EMPTY_BODY = YES;
				CLANG_WARN_ENUM_CONVERSION = YES;
				CLANG_WARN_INFINITE_RECURSION = YES;
				CLANG_WARN_INT_CONVERSION = YES;
				CLANG_WARN_NON_LITERAL_NULL_CONVERSION = YES;
				CLANG_WARN_OBJC_IMPLICIT_RETAIN_SELF = YES;
				CLANG_WARN_OBJC_LITERAL_CONVERSION = YES;
				CLANG_WARN_OBJC_ROOT_CLASS = YES_ERROR;
				CLANG_WARN_QUOTED_INCLUDE_IN_FRAMEWORK_HEADER = YES;
				CLANG_WARN_RANGE_LOOP_ANALYSIS = YES;
				CLANG_WARN_STRICT_PROTOTYPES = YES;
				CLANG_WARN_SUSPICIOUS_MOVE = YES;
				CLANG_WARN_UNGUARDED_AVAILABILITY = YES_AGGRESSIVE;
				CLANG_WARN_UNREACHABLE_CODE = YES;
				CLANG_WARN__DUPLICATE_METHOD_MATCH = YES;
				COPY_PHASE_STRIP = NO;
				DEBUG_INFORMATION_FORMAT = dwarf;
				ENABLE_STRICT_OBJC_MSGSEND = YES;
				ENABLE_TESTABILITY = YES;
				GCC_C_LANGUAGE_STANDARD = gnu11;
				GCC_DYNAMIC_NO_PIC = NO;
				GCC_NO_COMMON_BLOCKS = YES;
				GCC_OPTIMIZATION_LEVEL = 0;
				GCC_PREPROCESSOR_DEFINITIONS = (
					"DEBUG=1",
					"$(inherited)",
				);
				GCC_WARN_64_TO_32_BIT_CONVERSION = YES;
				GCC_WARN_ABOUT_RETURN_TYPE = YES_ERROR;
				GCC_WARN_UNDECLARED_SELECTOR = YES;
				GCC_WARN_UNINITIALIZED_AUTOS = YES_AGGRESSIVE;
				GCC_WARN_UNUSED_FUNCTION = YES;
				GCC_WARN_UNUSED_VARIABLE = YES;
				IPHONEOS_DEPLOYMENT_TARGET = 16.2;
				MTL_ENABLE_DEBUG_INFO = INCLUDE_SOURCE;
				MTL_FAST_MATH = YES;
				ONLY_ACTIVE_ARCH = YES;
				SDKROOT = iphoneos;
				SWIFT_ACTIVE_COMPILATION_CONDITIONS = DEBUG;
				SWIFT_OPTIMIZATION_LEVEL = "-Onone";
			};
			name = Debug;
		};
		3EEA7FF329E6903800394134 /* Release */ = {
			isa = XCBuildConfiguration;
			buildSettings = {
				ALWAYS_SEARCH_USER_PATHS = NO;
				CLANG_ANALYZER_NONNULL = YES;
				CLANG_ANALYZER_NUMBER_OBJECT_CONVERSION = YES_AGGRESSIVE;
				CLANG_CXX_LANGUAGE_STANDARD = "gnu++20";
				CLANG_ENABLE_MODULES = YES;
				CLANG_ENABLE_OBJC_ARC = YES;
				CLANG_ENABLE_OBJC_WEAK = YES;
				CLANG_WARN_BLOCK_CAPTURE_AUTORELEASING = YES;
				CLANG_WARN_BOOL_CONVERSION = YES;
				CLANG_WARN_COMMA = YES;
				CLANG_WARN_CONSTANT_CONVERSION = YES;
				CLANG_WARN_DEPRECATED_OBJC_IMPLEMENTATIONS = YES;
				CLANG_WARN_DIRECT_OBJC_ISA_USAGE = YES_ERROR;
				CLANG_WARN_DOCUMENTATION_COMMENTS = YES;
				CLANG_WARN_EMPTY_BODY = YES;
				CLANG_WARN_ENUM_CONVERSION = YES;
				CLANG_WARN_INFINITE_RECURSION = YES;
				CLANG_WARN_INT_CONVERSION = YES;
				CLANG_WARN_NON_LITERAL_NULL_CONVERSION = YES;
				CLANG_WARN_OBJC_IMPLICIT_RETAIN_SELF = YES;
				CLANG_WARN_OBJC_LITERAL_CONVERSION = YES;
				CLANG_WARN_OBJC_ROOT_CLASS = YES_ERROR;
				CLANG_WARN_QUOTED_INCLUDE_IN_FRAMEWORK_HEADER = YES;
				CLANG_WARN_RANGE_LOOP_ANALYSIS = YES;
				CLANG_WARN_STRICT_PROTOTYPES = YES;
				CLANG_WARN_SUSPICIOUS_MOVE = YES;
				CLANG_WARN_UNGUARDED_AVAILABILITY = YES_AGGRESSIVE;
				CLANG_WARN_UNREACHABLE_CODE = YES;
				CLANG_WARN__DUPLICATE_METHOD_MATCH = YES;
				COPY_PHASE_STRIP = NO;
				DEBUG_INFORMATION_FORMAT = "dwarf-with-dsym";
				ENABLE_NS_ASSERTIONS = NO;
				ENABLE_STRICT_OBJC_MSGSEND = YES;
				GCC_C_LANGUAGE_STANDARD = gnu11;
				GCC_NO_COMMON_BLOCKS = YES;
				GCC_WARN_64_TO_32_BIT_CONVERSION = YES;
				GCC_WARN_ABOUT_RETURN_TYPE = YES_ERROR;
				GCC_WARN_UNDECLARED_SELECTOR = YES;
				GCC_WARN_UNINITIALIZED_AUTOS = YES_AGGRESSIVE;
				GCC_WARN_UNUSED_FUNCTION = YES;
				GCC_WARN_UNUSED_VARIABLE = YES;
				IPHONEOS_DEPLOYMENT_TARGET = 16.2;
				MTL_ENABLE_DEBUG_INFO = NO;
				MTL_FAST_MATH = YES;
				SDKROOT = iphoneos;
				SWIFT_COMPILATION_MODE = wholemodule;
				SWIFT_OPTIMIZATION_LEVEL = "-O";
				VALIDATE_PRODUCT = YES;
			};
			name = Release;
		};
		3EEA7FF529E6903800394134 /* Debug */ = {
			isa = XCBuildConfiguration;
			buildSettings = {
				ASSETCATALOG_COMPILER_APPICON_NAME = AppIcon;
				ASSETCATALOG_COMPILER_GLOBAL_ACCENT_COLOR_NAME = AccentColor;
				CODE_SIGN_STYLE = Automatic;
				CURRENT_PROJECT_VERSION = 1;
				DEVELOPMENT_ASSET_PATHS = "\"NewsApp/App/Preview Content\"";
				DEVELOPMENT_TEAM = 93V4WB9C37;
				ENABLE_PREVIEWS = YES;
				GENERATE_INFOPLIST_FILE = YES;
				INFOPLIST_KEY_UIApplicationSceneManifest_Generation = YES;
				INFOPLIST_KEY_UIApplicationSupportsIndirectInputEvents = YES;
				INFOPLIST_KEY_UILaunchScreen_Generation = YES;
				INFOPLIST_KEY_UISupportedInterfaceOrientations_iPad = "UIInterfaceOrientationPortrait UIInterfaceOrientationPortraitUpsideDown UIInterfaceOrientationLandscapeLeft UIInterfaceOrientationLandscapeRight";
				INFOPLIST_KEY_UISupportedInterfaceOrientations_iPhone = "UIInterfaceOrientationPortrait UIInterfaceOrientationLandscapeLeft UIInterfaceOrientationLandscapeRight";
				LD_RUNPATH_SEARCH_PATHS = (
					"$(inherited)",
					"@executable_path/Frameworks",
				);
				MARKETING_VERSION = 1.0;
				PRODUCT_BUNDLE_IDENTIFIER = none.NewsApp;
				PRODUCT_NAME = "$(TARGET_NAME)";
				SWIFT_EMIT_LOC_STRINGS = YES;
				SWIFT_VERSION = 5.0;
				TARGETED_DEVICE_FAMILY = "1,2";
			};
			name = Debug;
		};
		3EEA7FF629E6903800394134 /* Release */ = {
			isa = XCBuildConfiguration;
			buildSettings = {
				ASSETCATALOG_COMPILER_APPICON_NAME = AppIcon;
				ASSETCATALOG_COMPILER_GLOBAL_ACCENT_COLOR_NAME = AccentColor;
				CODE_SIGN_STYLE = Automatic;
				CURRENT_PROJECT_VERSION = 1;
				DEVELOPMENT_ASSET_PATHS = "\"NewsApp/App/Preview Content\"";
				DEVELOPMENT_TEAM = 93V4WB9C37;
				ENABLE_PREVIEWS = YES;
				GENERATE_INFOPLIST_FILE = YES;
				INFOPLIST_KEY_UIApplicationSceneManifest_Generation = YES;
				INFOPLIST_KEY_UIApplicationSupportsIndirectInputEvents = YES;
				INFOPLIST_KEY_UILaunchScreen_Generation = YES;
				INFOPLIST_KEY_UISupportedInterfaceOrientations_iPad = "UIInterfaceOrientationPortrait UIInterfaceOrientationPortraitUpsideDown UIInterfaceOrientationLandscapeLeft UIInterfaceOrientationLandscapeRight";
				INFOPLIST_KEY_UISupportedInterfaceOrientations_iPhone = "UIInterfaceOrientationPortrait UIInterfaceOrientationLandscapeLeft UIInterfaceOrientationLandscapeRight";
				LD_RUNPATH_SEARCH_PATHS = (
					"$(inherited)",
					"@executable_path/Frameworks",
				);
				MARKETING_VERSION = 1.0;
				PRODUCT_BUNDLE_IDENTIFIER = none.NewsApp;
				PRODUCT_NAME = "$(TARGET_NAME)";
				SWIFT_EMIT_LOC_STRINGS = YES;
				SWIFT_VERSION = 5.0;
				TARGETED_DEVICE_FAMILY = "1,2";
			};
			name = Release;
		};
/* End XCBuildConfiguration section */

/* Begin XCConfigurationList section */
		3EEA7FE129E6903700394134 /* Build configuration list for PBXProject "NewsApp" */ = {
			isa = XCConfigurationList;
			buildConfigurations = (
				3EEA7FF229E6903800394134 /* Debug */,
				3EEA7FF329E6903800394134 /* Release */,
			);
			defaultConfigurationIsVisible = 0;
			defaultConfigurationName = Release;
		};
		3EEA7FF429E6903800394134 /* Build configuration list for PBXNativeTarget "NewsApp" */ = {
			isa = XCConfigurationList;
			buildConfigurations = (
				3EEA7FF529E6903800394134 /* Debug */,
				3EEA7FF629E6903800394134 /* Release */,
			);
			defaultConfigurationIsVisible = 0;
			defaultConfigurationName = Release;
		};
/* End XCConfigurationList section */
	};
	rootObject = 3EEA7FDE29E6903700394134 /* Project object */;
}
